
Microsoft Visual Studio Solution File, Format Version 12.00
# Visual Studio Version 17
VisualStudioVersion = 17.3.32929.385
MinimumVisualStudioVersion = 10.0.40219.1
Project("{FAE04EC0-301F-11D3-BF4B-00C04F79EFBC}") = "ProjectMars1", "ProjectMars1\ProjectMars1.csproj", "{1FBA6492-CE7E-449B-A090-BF735026C46C}"
EndProject
Global
	GlobalSection(SolutionConfigurationPlatforms) = preSolution
		Debug|Any CPU = Debug|Any CPU
		Release|Any CPU = Release|Any CPU
	EndGlobalSection
	GlobalSection(ProjectConfigurationPlatforms) = postSolution
		{1FBA6492-CE7E-449B-A090-BF735026C46C}.Debug|Any CPU.ActiveCfg = Debug|Any CPU
		{1FBA6492-CE7E-449B-A090-BF735026C46C}.Debug|Any CPU.Build.0 = Debug|Any CPU
		{1FBA6492-CE7E-449B-A090-BF735026C46C}.Release|Any CPU.ActiveCfg = Release|Any CPU
		{1FBA6492-CE7E-449B-A090-BF735026C46C}.Release|Any CPU.Build.0 = Release|Any CPU
	EndGlobalSection
	GlobalSection(SolutionProperties) = preSolution
		HideSolutionNode = FALSE
	EndGlobalSection
	GlobalSection(ExtensibilityGlobals) = postSolution
		SolutionGuid = {86972E6D-CA65-44B1-8B4A-2E7F2968F4D8}
	EndGlobalSection
EndGlobal
